
Microsoft Visual Studio Solution File, Format Version 12.00
# Visual Studio Version 17
VisualStudioVersion = 17.13.35825.156 d17.13
MinimumVisualStudioVersion = 10.0.40219.1
Project("{2150E333-8FDC-42A3-9474-1A3956D46DE8}") = "src", "src", "{02EA681E-C7D8-13C7-8484-4AC65E1B71E8}"
EndProject
Project("{FAE04EC0-301F-11D3-BF4B-00C04F79EFBC}") = "WebAPI", "WebAPI\WebAPI.csproj", "{79F51A5F-7C41-4B61-A2DB-E17F1FA49EEC}"
EndProject
Global
	GlobalSection(SolutionConfigurationPlatforms) = preSolution
		Debug|Any CPU = Debug|Any CPU
		Release|Any CPU = Release|Any CPU
	EndGlobalSection
	GlobalSection(ProjectConfigurationPlatforms) = postSolution
		{79F51A5F-7C41-4B61-A2DB-E17F1FA49EEC}.Debug|Any CPU.ActiveCfg = Debug|Any CPU
		{79F51A5F-7C41-4B61-A2DB-E17F1FA49EEC}.Debug|Any CPU.Build.0 = Debug|Any CPU
		{79F51A5F-7C41-4B61-A2DB-E17F1FA49EEC}.Release|Any CPU.ActiveCfg = Release|Any CPU
		{79F51A5F-7C41-4B61-A2DB-E17F1FA49EEC}.Release|Any CPU.Build.0 = Release|Any CPU
	EndGlobalSection
	GlobalSection(SolutionProperties) = preSolution
		HideSolutionNode = FALSE
	EndGlobalSection
	GlobalSection(NestedProjects) = preSolution
		{79F51A5F-7C41-4B61-A2DB-E17F1FA49EEC} = {02EA681E-C7D8-13C7-8484-4AC65E1B71E8}
	EndGlobalSection
	GlobalSection(ExtensibilityGlobals) = postSolution
		SolutionGuid = {051680CE-68CE-4906-A6F1-622DD9EBF93F}
	EndGlobalSection
EndGlobal
